// !$*UTF8*$!
{
	archiveVersion = 1;
	classes = {
	};
	objectVersion = 46;
	objects = {

/* Begin PBXBuildFile section */
		0733C70714235508003D3DB7 /* UIKit.framework in Frameworks */ = {isa = PBXBuildFile; fileRef = 0733C70614235508003D3DB7 /* UIKit.framework */; };
		0733C70914235508003D3DB7 /* Foundation.framework in Frameworks */ = {isa = PBXBuildFile; fileRef = 0733C70814235508003D3DB7 /* Foundation.framework */; };
		0733C70B14235508003D3DB7 /* CoreGraphics.framework in Frameworks */ = {isa = PBXBuildFile; fileRef = 0733C70A14235508003D3DB7 /* CoreGraphics.framework */; };
		0733C71114235508003D3DB7 /* InfoPlist.strings in Resources */ = {isa = PBXBuildFile; fileRef = 0733C70F14235508003D3DB7 /* InfoPlist.strings */; };
		0733C71314235508003D3DB7 /* main.m in Sources */ = {isa = PBXBuildFile; fileRef = 0733C71214235508003D3DB7 /* main.m */; };
		0733C71714235508003D3DB7 /* AppDelegate.m in Sources */ = {isa = PBXBuildFile; fileRef = 0733C71614235508003D3DB7 /* AppDelegate.m */; };
		0733C71A14235508003D3DB7 /* ViewController.m in Sources */ = {isa = PBXBuildFile; fileRef = 0733C71914235508003D3DB7 /* ViewController.m */; };
		0733C71D14235508003D3DB7 /* ViewController.xib in Resources */ = {isa = PBXBuildFile; fileRef = 0733C71B14235508003D3DB7 /* ViewController.xib */; };
/* End PBXBuildFile section */

/* Begin PBXFileReference section */
		0733C70214235508003D3DB7 /* Hoopers App.app */ = {isa = PBXFileReference; explicitFileType = wrapper.application; includeInIndex = 0; path = "Hoopers App.app"; sourceTree = BUILT_PRODUCTS_DIR; };
		0733C70614235508003D3DB7 /* UIKit.framework */ = {isa = PBXFileReference; lastKnownFileType = wrapper.framework; name = UIKit.framework; path = System/Library/Frameworks/UIKit.framework; sourceTree = SDKROOT; };
		0733C70814235508003D3DB7 /* Foundation.framework */ = {isa = PBXFileReference; lastKnownFileType = wrapper.framework; name = Foundation.framework; path = System/Library/Frameworks/Foundation.framework; sourceTree = SDKROOT; };
		0733C70A14235508003D3DB7 /* CoreGraphics.framework */ = {isa = PBXFileReference; lastKnownFileType = wrapper.framework; name = CoreGraphics.framework; path = System/Library/Frameworks/CoreGraphics.framework; sourceTree = SDKROOT; };
		0733C70E14235508003D3DB7 /* Hoopers App-Info.plist */ = {isa = PBXFileReference; path = "Hoopers App-Info.plist"; sourceTree = "<group>"; };
		0733C71014235508003D3DB7 /* en */ = {isa = PBXFileReference; lastKnownFileType = text.plist.strings; name = en; path = en.lproj/InfoPlist.strings; sourceTree = "<group>"; };
		0733C71214235508003D3DB7 /* main.m */ = {isa = PBXFileReference; lastKnownFileType = sourcecode.c.objc; path = main.m; sourceTree = "<group>"; };
		0733C71414235508003D3DB7 /* Hoopers App-Prefix.pch */ = {isa = PBXFileReference; path = "Hoopers App-Prefix.pch"; sourceTree = "<group>"; };
		0733C71514235508003D3DB7 /* AppDelegate.h */ = {isa = PBXFileReference; path = AppDelegate.h; sourceTree = "<group>"; };
		0733C71614235508003D3DB7 /* AppDelegate.m */ = {isa = PBXFileReference; lastKnownFileType = sourcecode.c.objc; path = AppDelegate.m; sourceTree = "<group>"; };
		0733C71814235508003D3DB7 /* ViewController.h */ = {isa = PBXFileReference; path = ViewController.h; sourceTree = "<group>"; };
		0733C71914235508003D3DB7 /* ViewController.m */ = {isa = PBXFileReference; lastKnownFileType = sourcecode.c.objc; path = ViewController.m; sourceTree = "<group>"; };
		0733C71C14235508003D3DB7 /* en */ = {isa = PBXFileReference; lastKnownFileType = file.xib; name = en; path = en.lproj/ViewController.xib; sourceTree = "<group>"; };
/* End PBXFileReference section */

/* Begin PBXFrameworksBuildPhase section */
		0733C6FF14235508003D3DB7 /* Frameworks */ = {
			isa = PBXFrameworksBuildPhase;
			buildActionMask = 2147483647;
			files = (
				0733C70714235508003D3DB7 /* UIKit.framework in Frameworks */,
				0733C70914235508003D3DB7 /* Foundation.framework in Frameworks */,
				0733C70B14235508003D3DB7 /* CoreGraphics.framework in Frameworks */,
			);
			runOnlyForDeploymentPostprocessing = 0;
		};
/* End PBXFrameworksBuildPhase section */

/* Begin PBXGroup section */
		0733C6F714235508003D3DB7 = {
			isa = PBXGroup;
			children = (
				0733C70C14235508003D3DB7 /* Hoopers App */,
				0733C70514235508003D3DB7 /* Frameworks */,
				0733C70314235508003D3DB7 /* Products */,
			);
			sourceTree = "<group>";
		};
		0733C70314235508003D3DB7 /* Products */ = {
			isa = PBXGroup;
			children = (
				0733C70214235508003D3DB7 /* Hoopers App.app */,
			);
			name = Products;
			sourceTree = "<group>";
		};
		0733C70514235508003D3DB7 /* Frameworks */ = {
			isa = PBXGroup;
			children = (
				0733C70614235508003D3DB7 /* UIKit.framework */,
				0733C70814235508003D3DB7 /* Foundation.framework */,
				0733C70A14235508003D3DB7 /* CoreGraphics.framework */,
			);
			name = Frameworks;
			sourceTree = "<group>";
		};
		0733C70C14235508003D3DB7 /* Hoopers App */ = {
			isa = PBXGroup;
			children = (
				0733C71514235508003D3DB7 /* AppDelegate.h */,
				0733C71614235508003D3DB7 /* AppDelegate.m */,
				0733C71814235508003D3DB7 /* ViewController.h */,
				0733C71914235508003D3DB7 /* ViewController.m */,
				0733C71B14235508003D3DB7 /* ViewController.xib */,
				0733C70D14235508003D3DB7 /* Supporting Files */,
			);
			path = "Hoopers App";
			sourceTree = "<group>";
		};
		0733C70D14235508003D3DB7 /* Supporting Files */ = {
			isa = PBXGroup;
			children = (
				0733C70E14235508003D3DB7 /* Hoopers App-Info.plist */,
				0733C70F14235508003D3DB7 /* InfoPlist.strings */,
				0733C71214235508003D3DB7 /* main.m */,
				0733C71414235508003D3DB7 /* Hoopers App-Prefix.pch */,
			);
			name = "Supporting Files";
			sourceTree = "<group>";
		};
/* End PBXGroup section */

/* Begin PBXNativeTarget section */
		0733C70114235508003D3DB7 /* Hoopers App */ = {
			isa = PBXNativeTarget;
			buildConfigurationList = 0733C72014235508003D3DB7 /* Build configuration list for PBXNativeTarget "Hoopers App" */;
			buildPhases = (
				0733C6FE14235508003D3DB7 /* Sources */,
				0733C6FF14235508003D3DB7 /* Frameworks */,
				0733C70014235508003D3DB7 /* Resources */,
			);
			buildRules = (
			);
			dependencies = (
			);
			name = "Hoopers App";
			productName = "Hoopers App";
			productReference = 0733C70214235508003D3DB7 /* Hoopers App.app */;
			productType = "com.apple.product-type.application";
		};
/* End PBXNativeTarget section */

/* Begin PBXProject section */
		0733C6F914235508003D3DB7 /* Project object */ = {
			isa = PBXProject;
			attributes = {
				LastUpgradeCheck = 0420;
			};
			buildConfigurationList = 0733C6FC14235508003D3DB7 /* Build configuration list for PBXProject "Hoopers App" */;
			compatibilityVersion = "Xcode 3.2";
			developmentRegion = English;
			hasScannedForEncodings = 0;
			knownRegions = (
				en,
			);
			mainGroup = 0733C6F714235508003D3DB7;
			productRefGroup = 0733C70314235508003D3DB7 /* Products */;
			projectDirPath = "";
			projectRoot = "";
			targets = (
				0733C70114235508003D3DB7 /* Hoopers App */,
			);
		};
/* End PBXProject section */

/* Begin PBXResourcesBuildPhase section */
		0733C70014235508003D3DB7 /* Resources */ = {
			isa = PBXResourcesBuildPhase;
			buildActionMask = 2147483647;
			files = (
				0733C71114235508003D3DB7 /* InfoPlist.strings in Resources */,
				0733C71D14235508003D3DB7 /* ViewController.xib in Resources */,
			);
			runOnlyForDeploymentPostprocessing = 0;
		};
/* End PBXResourcesBuildPhase section */

/* Begin PBXSourcesBuildPhase section */
		0733C6FE14235508003D3DB7 /* Sources */ = {
			isa = PBXSourcesBuildPhase;
			buildActionMask = 2147483647;
			files = (
				0733C71314235508003D3DB7 /* main.m in Sources */,
				0733C71714235508003D3DB7 /* AppDelegate.m in Sources */,
				0733C71A14235508003D3DB7 /* ViewController.m in Sources */,
			);
			runOnlyForDeploymentPostprocessing = 0;
		};
/* End PBXSourcesBuildPhase section */

/* Begin PBXVariantGroup section */
		0733C70F14235508003D3DB7 /* InfoPlist.strings */ = {
			isa = PBXVariantGroup;
			children = (
				0733C71014235508003D3DB7 /* en */,
			);
			name = InfoPlist.strings;
			sourceTree = "<group>";
		};
		0733C71B14235508003D3DB7 /* ViewController.xib */ = {
			isa = PBXVariantGroup;
			children = (
				0733C71C14235508003D3DB7 /* en */,
			);
			name = ViewController.xib;
			sourceTree = "<group>";
		};
/* End PBXVariantGroup section */

/* Begin XCBuildConfiguration section */
		0733C71E14235508003D3DB7 /* Debug */ = {
			isa = XCBuildConfiguration;
			buildSettings = {
				ALWAYS_SEARCH_USER_PATHS = NO;
				ARCHS = "$(ARCHS_STANDARD_32_BIT)";
				"CODE_SIGN_IDENTITY[sdk=iphoneos*]" = "iPhone Developer";
				COPY_PHASE_STRIP = NO;
				GCC_C_LANGUAGE_STANDARD = gnu99;
				GCC_DYNAMIC_NO_PIC = NO;
				GCC_OPTIMIZATION_LEVEL = 0;
				GCC_PREPROCESSOR_DEFINITIONS = (
					"DEBUG=1",
					"$(inherited)",
				);
				GCC_SYMBOLS_PRIVATE_EXTERN = NO;
				GCC_VERSION = com.apple.compilers.llvm.clang.1_0;
				GCC_WARN_ABOUT_MISSING_PROTOTYPES = YES;
				GCC_WARN_ABOUT_RETURN_TYPE = YES;
				GCC_WARN_UNUSED_VARIABLE = YES;
				IPHONEOS_DEPLOYMENT_TARGET = 5.0;
				SDKROOT = iphoneos;
				TARGETED_DEVICE_FAMILY = 2;
			};
			name = Debug;
		};
		0733C71F14235508003D3DB7 /* Release */ = {
			isa = XCBuildConfiguration;
			buildSettings = {
				ALWAYS_SEARCH_USER_PATHS = NO;
				ARCHS = "$(ARCHS_STANDARD_32_BIT)";
				"CODE_SIGN_IDENTITY[sdk=iphoneos*]" = "iPhone Developer";
				COPY_PHASE_STRIP = YES;
				GCC_C_LANGUAGE_STANDARD = gnu99;
				GCC_VERSION = com.apple.compilers.llvm.clang.1_0;
				GCC_WARN_ABOUT_MISSING_PROTOTYPES = YES;
				GCC_WARN_ABOUT_RETURN_TYPE = YES;
				GCC_WARN_UNUSED_VARIABLE = YES;
				IPHONEOS_DEPLOYMENT_TARGET = 5.0;
				OTHER_CFLAGS = "-DNS_BLOCK_ASSERTIONS=1";
				SDKROOT = iphoneos;
				TARGETED_DEVICE_FAMILY = 2;
				VALIDATE_PRODUCT = YES;
			};
			name = Release;
		};
		0733C72114235508003D3DB7 /* Debug */ = {
			isa = XCBuildConfiguration;
			buildSettings = {
				GCC_PRECOMPILE_PREFIX_HEADER = YES;
				GCC_PREFIX_HEADER = "Hoopers App/Hoopers App-Prefix.pch";
				INFOPLIST_FILE = "Hoopers App/Hoopers App-Info.plist";
				PRODUCT_NAME = "$(TARGET_NAME)";
				WRAPPER_EXTENSION = app;
			};
			name = Debug;
		};
		0733C72214235508003D3DB7 /* Release */ = {
			isa = XCBuildConfiguration;
			buildSettings = {
				GCC_PRECOMPILE_PREFIX_HEADER = YES;
				GCC_PREFIX_HEADER = "Hoopers App/Hoopers App-Prefix.pch";
				INFOPLIST_FILE = "Hoopers App/Hoopers App-Info.plist";
				PRODUCT_NAME = "$(TARGET_NAME)";
				WRAPPER_EXTENSION = app;
			};
			name = Release;
		};
/* End XCBuildConfiguration section */

/* Begin XCConfigurationList section */
		0733C6FC14235508003D3DB7 /* Build configuration list for PBXProject "Hoopers App" */ = {
			isa = XCConfigurationList;
			buildConfigurations = (
				0733C71E14235508003D3DB7 /* Debug */,
				0733C71F14235508003D3DB7 /* Release */,
			);
			defaultConfigurationIsVisible = 0;
			defaultConfigurationName = Release;
		};
		0733C72014235508003D3DB7 /* Build configuration list for PBXNativeTarget "Hoopers App" */ = {
			isa = XCConfigurationList;
			buildConfigurations = (
				0733C72114235508003D3DB7 /* Debug */,
				0733C72214235508003D3DB7 /* Release */,
			);
			defaultConfigurationIsVisible = 0;
		};
/* End XCConfigurationList section */
	};
	rootObject = 0733C6F914235508003D3DB7 /* Project object */;
}
